
Microsoft Visual Studio Solution File, Format Version 12.00
# Visual Studio 15
VisualStudioVersion = 15.0.26124.0
MinimumVisualStudioVersion = 15.0.26124.0
Project("{2150E333-8FDC-42A3-9474-1A3956D46DE8}") = "src", "src", "{5B4558F5-786A-47D1-B4BE-8ADC54AA9EC2}"
EndProject
Project("{FAE04EC0-301F-11D3-BF4B-00C04F79EFBC}") = "GradeBook", "src\GradeBook\GradeBook.csproj", "{F575015B-0153-4A2C-B4E4-931A33F55C36}"
EndProject
Project("{2150E333-8FDC-42A3-9474-1A3956D46DE8}") = "test", "test", "{3DA3CAAE-4969-4693-B028-2C3214637FC5}"
EndProject
Project("{FAE04EC0-301F-11D3-BF4B-00C04F79EFBC}") = "GradeBook.Tests", "test\GradeBook.Tests\GradeBook.Tests.csproj", "{7264AB0B-E3D9-4944-8CD0-F02CBC519E79}"
EndProject
Global
	GlobalSection(SolutionConfigurationPlatforms) = preSolution
		Debug|Any CPU = Debug|Any CPU
		Debug|x64 = Debug|x64
		Debug|x86 = Debug|x86
		Release|Any CPU = Release|Any CPU
		Release|x64 = Release|x64
		Release|x86 = Release|x86
	EndGlobalSection
	GlobalSection(SolutionProperties) = preSolution
		HideSolutionNode = FALSE
	EndGlobalSection
	GlobalSection(ProjectConfigurationPlatforms) = postSolution
		{F575015B-0153-4A2C-B4E4-931A33F55C36}.Debug|Any CPU.ActiveCfg = Debug|Any CPU
		{F575015B-0153-4A2C-B4E4-931A33F55C36}.Debug|Any CPU.Build.0 = Debug|Any CPU
		{F575015B-0153-4A2C-B4E4-931A33F55C36}.Debug|x64.ActiveCfg = Debug|Any CPU
		{F575015B-0153-4A2C-B4E4-931A33F55C36}.Debug|x64.Build.0 = Debug|Any CPU
		{F575015B-0153-4A2C-B4E4-931A33F55C36}.Debug|x86.ActiveCfg = Debug|Any CPU
		{F575015B-0153-4A2C-B4E4-931A33F55C36}.Debug|x86.Build.0 = Debug|Any CPU
		{F575015B-0153-4A2C-B4E4-931A33F55C36}.Release|Any CPU.ActiveCfg = Release|Any CPU
		{F575015B-0153-4A2C-B4E4-931A33F55C36}.Release|Any CPU.Build.0 = Release|Any CPU
		{F575015B-0153-4A2C-B4E4-931A33F55C36}.Release|x64.ActiveCfg = Release|Any CPU
		{F575015B-0153-4A2C-B4E4-931A33F55C36}.Release|x64.Build.0 = Release|Any CPU
		{F575015B-0153-4A2C-B4E4-931A33F55C36}.Release|x86.ActiveCfg = Release|Any CPU
		{F575015B-0153-4A2C-B4E4-931A33F55C36}.Release|x86.Build.0 = Release|Any CPU
		{7264AB0B-E3D9-4944-8CD0-F02CBC519E79}.Debug|Any CPU.ActiveCfg = Debug|Any CPU
		{7264AB0B-E3D9-4944-8CD0-F02CBC519E79}.Debug|Any CPU.Build.0 = Debug|Any CPU
		{7264AB0B-E3D9-4944-8CD0-F02CBC519E79}.Debug|x64.ActiveCfg = Debug|Any CPU
		{7264AB0B-E3D9-4944-8CD0-F02CBC519E79}.Debug|x64.Build.0 = Debug|Any CPU
		{7264AB0B-E3D9-4944-8CD0-F02CBC519E79}.Debug|x86.ActiveCfg = Debug|Any CPU
		{7264AB0B-E3D9-4944-8CD0-F02CBC519E79}.Debug|x86.Build.0 = Debug|Any CPU
		{7264AB0B-E3D9-4944-8CD0-F02CBC519E79}.Release|Any CPU.ActiveCfg = Release|Any CPU
		{7264AB0B-E3D9-4944-8CD0-F02CBC519E79}.Release|Any CPU.Build.0 = Release|Any CPU
		{7264AB0B-E3D9-4944-8CD0-F02CBC519E79}.Release|x64.ActiveCfg = Release|Any CPU
		{7264AB0B-E3D9-4944-8CD0-F02CBC519E79}.Release|x64.Build.0 = Release|Any CPU
		{7264AB0B-E3D9-4944-8CD0-F02CBC519E79}.Release|x86.ActiveCfg = Release|Any CPU
		{7264AB0B-E3D9-4944-8CD0-F02CBC519E79}.Release|x86.Build.0 = Release|Any CPU
	EndGlobalSection
	GlobalSection(NestedProjects) = preSolution
		{F575015B-0153-4A2C-B4E4-931A33F55C36} = {5B4558F5-786A-47D1-B4BE-8ADC54AA9EC2}
		{7264AB0B-E3D9-4944-8CD0-F02CBC519E79} = {3DA3CAAE-4969-4693-B028-2C3214637FC5}
	EndGlobalSection
EndGlobal
